
Microsoft Visual Studio Solution File, Format Version 12.00
# Visual Studio Version 17
VisualStudioVersion = 17.12.35707.178
MinimumVisualStudioVersion = 10.0.40219.1
Project("{FAE04EC0-301F-11D3-BF4B-00C04F79EFBC}") = "HealthCareApplication_MVC", "HealthCareApplication_MVC\HealthCareApplication_MVC.csproj", "{9CD7C1C4-C510-4AEA-9059-8725C059D78F}"
EndProject
Project("{FAE04EC0-301F-11D3-BF4B-00C04F79EFBC}") = "HealthCareApplication_MVC.Tests", "HealthCareApplication_MVC.Tests\HealthCareApplication_MVC.Tests.csproj", "{9325D460-7321-4E2B-BE37-3FB03A0131D3}"
EndProject
Global
	GlobalSection(SolutionConfigurationPlatforms) = preSolution
		Debug|Any CPU = Debug|Any CPU
		Release|Any CPU = Release|Any CPU
	EndGlobalSection
	GlobalSection(ProjectConfigurationPlatforms) = postSolution
		{9CD7C1C4-C510-4AEA-9059-8725C059D78F}.Debug|Any CPU.ActiveCfg = Debug|Any CPU
		{9CD7C1C4-C510-4AEA-9059-8725C059D78F}.Debug|Any CPU.Build.0 = Debug|Any CPU
		{9CD7C1C4-C510-4AEA-9059-8725C059D78F}.Release|Any CPU.ActiveCfg = Release|Any CPU
		{9CD7C1C4-C510-4AEA-9059-8725C059D78F}.Release|Any CPU.Build.0 = Release|Any CPU
		{9325D460-7321-4E2B-BE37-3FB03A0131D3}.Debug|Any CPU.ActiveCfg = Debug|Any CPU
		{9325D460-7321-4E2B-BE37-3FB03A0131D3}.Debug|Any CPU.Build.0 = Debug|Any CPU
		{9325D460-7321-4E2B-BE37-3FB03A0131D3}.Release|Any CPU.ActiveCfg = Release|Any CPU
		{9325D460-7321-4E2B-BE37-3FB03A0131D3}.Release|Any CPU.Build.0 = Release|Any CPU
	EndGlobalSection
	GlobalSection(SolutionProperties) = preSolution
		HideSolutionNode = FALSE
	EndGlobalSection
EndGlobal
